
Microsoft Visual Studio Solution File, Format Version 12.00
# Visual Studio Version 16
VisualStudioVersion = 16.0.31729.503
MinimumVisualStudioVersion = 10.0.40219.1
Project("{FAE04EC0-301F-11D3-BF4B-00C04F79EFBC}") = "Количество делителей", "Количество делителей.csproj", "{DAED71E3-C074-4E94-BAA5-D6637923EBC6}"
EndProject
Global
	GlobalSection(SolutionConfigurationPlatforms) = preSolution
		Debug|Any CPU = Debug|Any CPU
		Release|Any CPU = Release|Any CPU
	EndGlobalSection
	GlobalSection(ProjectConfigurationPlatforms) = postSolution
		{DAED71E3-C074-4E94-BAA5-D6637923EBC6}.Debug|Any CPU.ActiveCfg = Debug|Any CPU
		{DAED71E3-C074-4E94-BAA5-D6637923EBC6}.Debug|Any CPU.Build.0 = Debug|Any CPU
		{DAED71E3-C074-4E94-BAA5-D6637923EBC6}.Release|Any CPU.ActiveCfg = Release|Any CPU
		{DAED71E3-C074-4E94-BAA5-D6637923EBC6}.Release|Any CPU.Build.0 = Release|Any CPU
	EndGlobalSection
	GlobalSection(SolutionProperties) = preSolution
		HideSolutionNode = FALSE
	EndGlobalSection
	GlobalSection(ExtensibilityGlobals) = postSolution
		SolutionGuid = {8E1B4365-B4BF-46D7-B278-0C7BA06FDEAC}
	EndGlobalSection
EndGlobal
