
Microsoft Visual Studio Solution File, Format Version 12.00
# Visual Studio Version 16
VisualStudioVersion = 16.0.31729.503
MinimumVisualStudioVersion = 10.0.40219.1
Project("{FAE04EC0-301F-11D3-BF4B-00C04F79EFBC}") = "Пять делителей", "Пять делителей.csproj", "{988701EC-B9CA-4245-A903-8DB8FAF0033F}"
EndProject
Global
	GlobalSection(SolutionConfigurationPlatforms) = preSolution
		Debug|Any CPU = Debug|Any CPU
		Release|Any CPU = Release|Any CPU
	EndGlobalSection
	GlobalSection(ProjectConfigurationPlatforms) = postSolution
		{988701EC-B9CA-4245-A903-8DB8FAF0033F}.Debug|Any CPU.ActiveCfg = Debug|Any CPU
		{988701EC-B9CA-4245-A903-8DB8FAF0033F}.Debug|Any CPU.Build.0 = Debug|Any CPU
		{988701EC-B9CA-4245-A903-8DB8FAF0033F}.Release|Any CPU.ActiveCfg = Release|Any CPU
		{988701EC-B9CA-4245-A903-8DB8FAF0033F}.Release|Any CPU.Build.0 = Release|Any CPU
	EndGlobalSection
	GlobalSection(SolutionProperties) = preSolution
		HideSolutionNode = FALSE
	EndGlobalSection
	GlobalSection(ExtensibilityGlobals) = postSolution
		SolutionGuid = {27B2E96E-4251-49A2-8029-588CC7DF6375}
	EndGlobalSection
EndGlobal
