
Microsoft Visual Studio Solution File, Format Version 12.00
# Visual Studio Version 16
VisualStudioVersion = 16.0.31729.503
MinimumVisualStudioVersion = 10.0.40219.1
Project("{FAE04EC0-301F-11D3-BF4B-00C04F79EFBC}") = "графического изображения делимости", "графического изображения делимости.csproj", "{7692F736-EC73-4F9F-ADFF-D9B088016FF0}"
EndProject
Global
	GlobalSection(SolutionConfigurationPlatforms) = preSolution
		Debug|Any CPU = Debug|Any CPU
		Release|Any CPU = Release|Any CPU
	EndGlobalSection
	GlobalSection(ProjectConfigurationPlatforms) = postSolution
		{7692F736-EC73-4F9F-ADFF-D9B088016FF0}.Debug|Any CPU.ActiveCfg = Debug|Any CPU
		{7692F736-EC73-4F9F-ADFF-D9B088016FF0}.Debug|Any CPU.Build.0 = Debug|Any CPU
		{7692F736-EC73-4F9F-ADFF-D9B088016FF0}.Release|Any CPU.ActiveCfg = Release|Any CPU
		{7692F736-EC73-4F9F-ADFF-D9B088016FF0}.Release|Any CPU.Build.0 = Release|Any CPU
	EndGlobalSection
	GlobalSection(SolutionProperties) = preSolution
		HideSolutionNode = FALSE
	EndGlobalSection
	GlobalSection(ExtensibilityGlobals) = postSolution
		SolutionGuid = {09FC53C3-DC56-4AFB-809A-A29DD78BC01F}
	EndGlobalSection
EndGlobal
