
Microsoft Visual Studio Solution File, Format Version 12.00
# Visual Studio Version 16
VisualStudioVersion = 16.0.31729.503
MinimumVisualStudioVersion = 10.0.40219.1
Project("{FAE04EC0-301F-11D3-BF4B-00C04F79EFBC}") = "Number of zeros", "Number of zeros\Number of zeros.csproj", "{64A50055-74F3-4699-BDA4-60D24DBFA703}"
EndProject
Global
	GlobalSection(SolutionConfigurationPlatforms) = preSolution
		Debug|Any CPU = Debug|Any CPU
		Release|Any CPU = Release|Any CPU
	EndGlobalSection
	GlobalSection(ProjectConfigurationPlatforms) = postSolution
		{64A50055-74F3-4699-BDA4-60D24DBFA703}.Debug|Any CPU.ActiveCfg = Debug|Any CPU
		{64A50055-74F3-4699-BDA4-60D24DBFA703}.Debug|Any CPU.Build.0 = Debug|Any CPU
		{64A50055-74F3-4699-BDA4-60D24DBFA703}.Release|Any CPU.ActiveCfg = Release|Any CPU
		{64A50055-74F3-4699-BDA4-60D24DBFA703}.Release|Any CPU.Build.0 = Release|Any CPU
	EndGlobalSection
	GlobalSection(SolutionProperties) = preSolution
		HideSolutionNode = FALSE
	EndGlobalSection
	GlobalSection(ExtensibilityGlobals) = postSolution
		SolutionGuid = {A00B97F7-75C4-48E6-A518-8DD5DED4FA40}
	EndGlobalSection
EndGlobal
