
Microsoft Visual Studio Solution File, Format Version 12.00
# Visual Studio Version 16
VisualStudioVersion = 16.0.31729.503
MinimumVisualStudioVersion = 10.0.40219.1
Project("{FAE04EC0-301F-11D3-BF4B-00C04F79EFBC}") = "Exercise 1", "Exercise 1\Exercise 1.csproj", "{67820539-94B8-4DBE-88BC-65FC53718C89}"
EndProject
Global
	GlobalSection(SolutionConfigurationPlatforms) = preSolution
		Debug|Any CPU = Debug|Any CPU
		Release|Any CPU = Release|Any CPU
	EndGlobalSection
	GlobalSection(ProjectConfigurationPlatforms) = postSolution
		{67820539-94B8-4DBE-88BC-65FC53718C89}.Debug|Any CPU.ActiveCfg = Debug|Any CPU
		{67820539-94B8-4DBE-88BC-65FC53718C89}.Debug|Any CPU.Build.0 = Debug|Any CPU
		{67820539-94B8-4DBE-88BC-65FC53718C89}.Release|Any CPU.ActiveCfg = Release|Any CPU
		{67820539-94B8-4DBE-88BC-65FC53718C89}.Release|Any CPU.Build.0 = Release|Any CPU
	EndGlobalSection
	GlobalSection(SolutionProperties) = preSolution
		HideSolutionNode = FALSE
	EndGlobalSection
	GlobalSection(ExtensibilityGlobals) = postSolution
		SolutionGuid = {4111F762-E2D8-49D4-8932-DCEE974B0691}
	EndGlobalSection
EndGlobal
