
Microsoft Visual Studio Solution File, Format Version 12.00
# Visual Studio Version 16
VisualStudioVersion = 16.0.31729.503
MinimumVisualStudioVersion = 10.0.40219.1
Project("{FAE04EC0-301F-11D3-BF4B-00C04F79EFBC}") = "Exercise 1", "Exercise 1\Exercise 1.csproj", "{95BBF7C0-B8E3-4EDB-B603-D65BD3CAD48C}"
EndProject
Global
	GlobalSection(SolutionConfigurationPlatforms) = preSolution
		Debug|Any CPU = Debug|Any CPU
		Release|Any CPU = Release|Any CPU
	EndGlobalSection
	GlobalSection(ProjectConfigurationPlatforms) = postSolution
		{95BBF7C0-B8E3-4EDB-B603-D65BD3CAD48C}.Debug|Any CPU.ActiveCfg = Debug|Any CPU
		{95BBF7C0-B8E3-4EDB-B603-D65BD3CAD48C}.Debug|Any CPU.Build.0 = Debug|Any CPU
		{95BBF7C0-B8E3-4EDB-B603-D65BD3CAD48C}.Release|Any CPU.ActiveCfg = Release|Any CPU
		{95BBF7C0-B8E3-4EDB-B603-D65BD3CAD48C}.Release|Any CPU.Build.0 = Release|Any CPU
	EndGlobalSection
	GlobalSection(SolutionProperties) = preSolution
		HideSolutionNode = FALSE
	EndGlobalSection
	GlobalSection(ExtensibilityGlobals) = postSolution
		SolutionGuid = {4FA5BBA3-5B5C-4DD2-AD53-E05F668F1FC9}
	EndGlobalSection
EndGlobal
